github.com/coreos/go-iptables v0.7.0 h1:XWM3V+MPRr5/q51NuWSgU0fqMad64Zyxs8ZUoMsamr8=
github.com/coreos/go-iptables v0.7.0/go.mod h1:Qe8Bv2Xik5FyTXwgIbLAnv2sWSBmvWdFETJConOQ//Q=
github.com/gmccue/go-ipset v0.0.0-20151126205411-75b14f6e6ee0 h1:ik9ngSDUROLA5FncWZGSjsOvE3Wu5AXWxcU1zzJIbBw=
github.com/gmccue/go-ipset v0.0.0-20151126205411-75b14f6e6ee0/go.mod h1:c13RlWcQ5JUmOmGeEg/VJQJj6fgOZ3bp9aNZV+SjNU4=
