github.com/EvilSuperstars/go-cidrman v0.0.0-20190607145828-28e79e32899a h1:D9u6wYxZ2bPjDwYYq25y+n6ZmOKj/TsAMGSl4xL1yQI=
github.com/EvilSuperstars/go-cidrman v0.0.0-20190607145828-28e79e32899a/go.mod h1:pzTfWeRUe2RpUHYF4s8PfLt7C3jnxg62RX10Eh9myYY=
github.com/coreos/go-iptables v0.7.0 h1:XWM3V+MPRr5/q51NuWSgU0fqMad64Zyxs8ZUoMsamr8=
github.com/coreos/go-iptables v0.7.0/go.mod h1:Qe8Bv2Xik5FyTXwgIbLAnv2sWSBmvWdFETJConOQ//Q=
github.com/davecgh/go-spew v1.1.0/go.mod h1:J7Y8YcW2NihsgmVo/mv3lAwl/skON4iLHjSsI+c5H38=
github.com/gmccue/go-ipset v0.0.0-20151126205411-75b14f6e6ee0 h1:ik9ngSDUROLA5FncWZGSjsOvE3Wu5AXWxcU1zzJIbBw=
github.com/gmccue/go-ipset v0.0.0-20151126205411-75b14f6e6ee0/go.mod h1:c13RlWcQ5JUmOmGeEg/VJQJj6fgOZ3bp9aNZV+SjNU4=
github.com/kiyonlin/gonetx v1.0.0 h1:jeY3S3DjEjcKotaJLGZ803yrXagty0SII9zpG+GA6kA=
github.com/kiyonlin/gonetx v1.0.0/go.mod h1:qOGGxmcCyRa73yNtd4fpJG8U3Lws9kJgAJad82WlL8U=
github.com/lrh3321/ipset-go v0.0.0-20230425010353-0d9880b1ecac h1:cYSHLRAFFmEugFMDyup/b/b8nlI1rVvI3mXfpa9HWCw=
github.com/lrh3321/ipset-go v0.0.0-20230425010353-0d9880b1ecac/go.mod h1:t1CW3V84GWqI2sqZIlriuy8OLGLMikvFX9pWI19mPbc=
github.com/pmezard/go-difflib v1.0.0/go.mod h1:iKH77koFhYxTK1pcRnkKkqfTogsbg7gZNVY4sRDYZ/4=
github.com/stretchr/objx v0.1.0/go.mod h1:HFkY916IF+rwdDfMAkV7OtwuqBVzrE8GR6GFx+wExME=
github.com/stretchr/testify v1.6.1/go.mod h1:6Fq8oRcR53rry900zMqJjRRixrwX3KX962/h/Wwjteg=
github.com/vishvananda/netlink v1.2.1-beta.2 h1:Llsql0lnQEbHj0I1OuKyp8otXp0r3q0mPkuhwHfStVs=
github.com/vishvananda/netlink v1.2.1-beta.2/go.mod h1:twkDnbuQxJYemMlGd4JFIcuhgX83tXhKS2B/PRMpOho=
github.com/vishvananda/netns v0.0.0-20200728191858-db3c7e526aae/go.mod h1:DD4vA1DwXk04H54A1oHXtwZmA0grkVMdPxx/VGLCah0=
github.com/vishvananda/netns v0.0.4 h1:Oeaw1EM2JMxD51g9uhtC0D7erkIjgmj8+JZc26m1YX8=
github.com/vishvananda/netns v0.0.4/go.mod h1:SpkAiCQRtJ6TvvxPnOSyH3BMl6unz3xZlaprSwhNNJM=
golang.org/x/sys v0.0.0-20200217220822-9197077df867/go.mod h1:h1NjWce9XRLGQEsW7wpKNCjG9DtNlClVuFLEZdDNbEs=
golang.org/x/sys v0.0.0-20200728102440-3e129f6d46b1/go.mod h1:h1NjWce9XRLGQEsW7wpKNCjG9DtNlClVuFLEZdDNbEs=
golang.org/x/sys v0.2.0/go.mod h1:oPkhp1MJrh7nUepCBck5+mAzfO9JrbApNNgaTdGDITg=
golang.org/x/sys v0.5.0 h1:MUK/U/4lj1t1oPg0HfuXDN/Z1wv31ZJ/YcPiGccS4DU=
golang.org/x/sys v0.5.0/go.mod h1:oPkhp1MJrh7nUepCBck5+mAzfO9JrbApNNgaTdGDITg=
gopkg.in/check.v1 v0.0.0-20161208181325-20d25e280405/go.mod h1:Co6ibVJAznAaIkqp8huTwlJQCZ016jof/cbN4VW5Yz0=
gopkg.in/yaml.v2 v2.4.0 h1:D8xgwECY7CYvx+Y2n4sBz93Jn9JRvxdiyyo8CTfuKaY=
gopkg.in/yaml.v2 v2.4.0/go.mod h1:RDklbk79AGWmwhnvt/jBztapEOGDOx6ZbXqjP6csGnQ=
gopkg.in/yaml.v3 v3.0.0-20200313102051-9f266ea9e77c/go.mod h1:K4uyk7z7BCEPqu6E+C64Yfv1cQ7kz7rIZviUmN+EgEM=
